
Microsoft Visual Studio Solution File, Format Version 12.00
# Visual Studio Version 16
VisualStudioVersion = 16.0.31424.327
MinimumVisualStudioVersion = 10.0.40219.1
Project("{FAE04EC0-301F-11D3-BF4B-00C04F79EFBC}") = "VeUI", "VeUI\VeUI.csproj", "{A2EE0367-025A-451B-B017-701DD38F5BD2}"
EndProject
Project("{FAE04EC0-301F-11D3-BF4B-00C04F79EFBC}") = "VeLib", "VeLib\VeLib.csproj", "{4956AFB8-C2D2-44DE-88C3-96CE303AC419}"
EndProject
Global
	GlobalSection(SolutionConfigurationPlatforms) = preSolution
		Debug|Any CPU = Debug|Any CPU
		Release|Any CPU = Release|Any CPU
	EndGlobalSection
	GlobalSection(ProjectConfigurationPlatforms) = postSolution
		{A2EE0367-025A-451B-B017-701DD38F5BD2}.Debug|Any CPU.ActiveCfg = Debug|Any CPU
		{A2EE0367-025A-451B-B017-701DD38F5BD2}.Debug|Any CPU.Build.0 = Debug|Any CPU
		{A2EE0367-025A-451B-B017-701DD38F5BD2}.Release|Any CPU.ActiveCfg = Release|Any CPU
		{A2EE0367-025A-451B-B017-701DD38F5BD2}.Release|Any CPU.Build.0 = Release|Any CPU
		{4956AFB8-C2D2-44DE-88C3-96CE303AC419}.Debug|Any CPU.ActiveCfg = Debug|Any CPU
		{4956AFB8-C2D2-44DE-88C3-96CE303AC419}.Debug|Any CPU.Build.0 = Debug|Any CPU
		{4956AFB8-C2D2-44DE-88C3-96CE303AC419}.Release|Any CPU.ActiveCfg = Release|Any CPU
		{4956AFB8-C2D2-44DE-88C3-96CE303AC419}.Release|Any CPU.Build.0 = Release|Any CPU
	EndGlobalSection
	GlobalSection(SolutionProperties) = preSolution
		HideSolutionNode = FALSE
	EndGlobalSection
	GlobalSection(ExtensibilityGlobals) = postSolution
		SolutionGuid = {0D4C319F-67A1-44AB-A11B-859982B1E541}
	EndGlobalSection
EndGlobal
